
Microsoft Visual Studio Solution File, Format Version 12.00
# Visual Studio 15
VisualStudioVersion = 15.0.27004.2006
MinimumVisualStudioVersion = 10.0.40219.1
Project("{8BC9CEB8-8B4A-11D0-8D11-00A0C91BC942}") = "Fallout_RPG", "Fallout_RPG\Fallout_RPG.vcxproj", "{5A13F881-4DFD-4EBB-83D1-A2CC04040B95}"
EndProject
Project("{2150E333-8FDC-42A3-9474-1A3956D46DE8}") = "Solution Items", "Solution Items", "{969E372A-079D-442D-8210-FDBC7FA34B9B}"
	ProjectSection(SolutionItems) = preProject
		Fallout_RPG\item_id.txt = Fallout_RPG\item_id.txt
	EndProjectSection
EndProject
Global
	GlobalSection(SolutionConfigurationPlatforms) = preSolution
		Debug|x64 = Debug|x64
		Debug|x86 = Debug|x86
		Release|x64 = Release|x64
		Release|x86 = Release|x86
	EndGlobalSection
	GlobalSection(ProjectConfigurationPlatforms) = postSolution
		{5A13F881-4DFD-4EBB-83D1-A2CC04040B95}.Debug|x64.ActiveCfg = Debug|x64
		{5A13F881-4DFD-4EBB-83D1-A2CC04040B95}.Debug|x64.Build.0 = Debug|x64
		{5A13F881-4DFD-4EBB-83D1-A2CC04040B95}.Debug|x86.ActiveCfg = Debug|Win32
		{5A13F881-4DFD-4EBB-83D1-A2CC04040B95}.Debug|x86.Build.0 = Debug|Win32
		{5A13F881-4DFD-4EBB-83D1-A2CC04040B95}.Release|x64.ActiveCfg = Release|x64
		{5A13F881-4DFD-4EBB-83D1-A2CC04040B95}.Release|x64.Build.0 = Release|x64
		{5A13F881-4DFD-4EBB-83D1-A2CC04040B95}.Release|x86.ActiveCfg = Release|Win32
		{5A13F881-4DFD-4EBB-83D1-A2CC04040B95}.Release|x86.Build.0 = Release|Win32
	EndGlobalSection
	GlobalSection(SolutionProperties) = preSolution
		HideSolutionNode = FALSE
	EndGlobalSection
	GlobalSection(ExtensibilityGlobals) = postSolution
		SolutionGuid = {320583B8-90C0-47FC-B3C2-E1034918A61C}
	EndGlobalSection
EndGlobal
